
Microsoft Visual Studio Solution File, Format Version 12.00
# Visual Studio 15
VisualStudioVersion = 15.0.28307.902
MinimumVisualStudioVersion = 10.0.40219.1
Project("{FAE04EC0-301F-11D3-BF4B-00C04F79EFBC}") = "WebTemplate", "WebTemplate\WebTemplate.csproj", "{722C7271-0E13-4E43-9828-1D8521535465}"
EndProject
Project("{FAE04EC0-301F-11D3-BF4B-00C04F79EFBC}") = "YMMHRSystemLogic", "YMMHRSystemLogic\YMMHRSystemLogic.csproj", "{20E57F86-6562-462C-B617-6AD84946081F}"
EndProject
Global
	GlobalSection(SolutionConfigurationPlatforms) = preSolution
		Debug|Any CPU = Debug|Any CPU
		Release|Any CPU = Release|Any CPU
	EndGlobalSection
	GlobalSection(ProjectConfigurationPlatforms) = postSolution
		{722C7271-0E13-4E43-9828-1D8521535465}.Debug|Any CPU.ActiveCfg = Debug|Any CPU
		{722C7271-0E13-4E43-9828-1D8521535465}.Debug|Any CPU.Build.0 = Debug|Any CPU
		{722C7271-0E13-4E43-9828-1D8521535465}.Release|Any CPU.ActiveCfg = Release|Any CPU
		{722C7271-0E13-4E43-9828-1D8521535465}.Release|Any CPU.Build.0 = Release|Any CPU
		{20E57F86-6562-462C-B617-6AD84946081F}.Debug|Any CPU.ActiveCfg = Debug|Any CPU
		{20E57F86-6562-462C-B617-6AD84946081F}.Debug|Any CPU.Build.0 = Debug|Any CPU
		{20E57F86-6562-462C-B617-6AD84946081F}.Release|Any CPU.ActiveCfg = Release|Any CPU
		{20E57F86-6562-462C-B617-6AD84946081F}.Release|Any CPU.Build.0 = Release|Any CPU
	EndGlobalSection
	GlobalSection(SolutionProperties) = preSolution
		HideSolutionNode = FALSE
	EndGlobalSection
	GlobalSection(ExtensibilityGlobals) = postSolution
		SolutionGuid = {3D5004F9-E64B-47EF-AE4E-7FEA678B5E4B}
	EndGlobalSection
EndGlobal
